
Microsoft Visual Studio Solution File, Format Version 12.00
# Visual Studio 15
VisualStudioVersion = 15.0.28307.960
MinimumVisualStudioVersion = 10.0.40219.1
Project("{FAE04EC0-301F-11D3-BF4B-00C04F79EFBC}") = "TextEditor", "TextEditor\TextEditor.csproj", "{158B69C1-4944-49AD-AD24-56091175376E}"
EndProject
Project("{FAE04EC0-301F-11D3-BF4B-00C04F79EFBC}") = "Test", "Test\Test.csproj", "{5A5E970B-45B7-4D55-83E3-F165C12CABCC}"
EndProject
Global
	GlobalSection(SolutionConfigurationPlatforms) = preSolution
		Debug|Any CPU = Debug|Any CPU
		Release|Any CPU = Release|Any CPU
	EndGlobalSection
	GlobalSection(ProjectConfigurationPlatforms) = postSolution
		{158B69C1-4944-49AD-AD24-56091175376E}.Debug|Any CPU.ActiveCfg = Debug|Any CPU
		{158B69C1-4944-49AD-AD24-56091175376E}.Debug|Any CPU.Build.0 = Debug|Any CPU
		{158B69C1-4944-49AD-AD24-56091175376E}.Release|Any CPU.ActiveCfg = Release|Any CPU
		{158B69C1-4944-49AD-AD24-56091175376E}.Release|Any CPU.Build.0 = Release|Any CPU
		{5A5E970B-45B7-4D55-83E3-F165C12CABCC}.Debug|Any CPU.ActiveCfg = Debug|Any CPU
		{5A5E970B-45B7-4D55-83E3-F165C12CABCC}.Debug|Any CPU.Build.0 = Debug|Any CPU
		{5A5E970B-45B7-4D55-83E3-F165C12CABCC}.Release|Any CPU.ActiveCfg = Release|Any CPU
		{5A5E970B-45B7-4D55-83E3-F165C12CABCC}.Release|Any CPU.Build.0 = Release|Any CPU
	EndGlobalSection
	GlobalSection(SolutionProperties) = preSolution
		HideSolutionNode = FALSE
	EndGlobalSection
	GlobalSection(ExtensibilityGlobals) = postSolution
		SolutionGuid = {575A3DEA-8A21-464D-98CE-610FFBEFD478}
	EndGlobalSection
EndGlobal
